# Code generated by scarb DO NOT EDIT.
version = 1

[[package]]
name = "argent"
version = "0.5.1"
dependencies = [
 "openzeppelin_security",
]

[[package]]
name = "openzeppelin_security"
version = "1.0.0"
source = "registry+https://scarbs.xyz/"
checksum = "sha256:1deb811a239c4f9cc28fc302039e2ffcb19911698a8c612487207448d70d2e6e"
